
Microsoft Visual Studio Solution File, Format Version 12.00
# Visual Studio 15
VisualStudioVersion = 15.0.27428.1
MinimumVisualStudioVersion = 10.0.40219.1
Project("{8BC9CEB8-8B4A-11D0-8D11-00A0C91BC942}") = "OOP_CW_08_04", "OOP_CW_08_04\OOP_CW_08_04.vcxproj", "{AD386F3D-062A-4FF3-BA55-4CE27F0C236D}"
EndProject
Global
	GlobalSection(SolutionConfigurationPlatforms) = preSolution
		Debug|x64 = Debug|x64
		Debug|x86 = Debug|x86
		Release|x64 = Release|x64
		Release|x86 = Release|x86
	EndGlobalSection
	GlobalSection(ProjectConfigurationPlatforms) = postSolution
		{AD386F3D-062A-4FF3-BA55-4CE27F0C236D}.Debug|x64.ActiveCfg = Debug|x64
		{AD386F3D-062A-4FF3-BA55-4CE27F0C236D}.Debug|x64.Build.0 = Debug|x64
		{AD386F3D-062A-4FF3-BA55-4CE27F0C236D}.Debug|x86.ActiveCfg = Debug|Win32
		{AD386F3D-062A-4FF3-BA55-4CE27F0C236D}.Debug|x86.Build.0 = Debug|Win32
		{AD386F3D-062A-4FF3-BA55-4CE27F0C236D}.Release|x64.ActiveCfg = Release|x64
		{AD386F3D-062A-4FF3-BA55-4CE27F0C236D}.Release|x64.Build.0 = Release|x64
		{AD386F3D-062A-4FF3-BA55-4CE27F0C236D}.Release|x86.ActiveCfg = Release|Win32
		{AD386F3D-062A-4FF3-BA55-4CE27F0C236D}.Release|x86.Build.0 = Release|Win32
	EndGlobalSection
	GlobalSection(SolutionProperties) = preSolution
		HideSolutionNode = FALSE
	EndGlobalSection
	GlobalSection(ExtensibilityGlobals) = postSolution
		SolutionGuid = {5D0FF4B2-3CAA-4049-84BF-B6A5604058EC}
	EndGlobalSection
EndGlobal
